// !$*UTF8*$!
{
	archiveVersion = 1;
	classes = {
	};
	objectVersion = 46;
	objects = {

/* Begin PBXBuildFile section */
		EC67B64E1E65687500230A53 /* main.m in Sources */ = {isa = PBXBuildFile; fileRef = EC67B64D1E65687500230A53 /* main.m */; };
		EC67B6511E65687500230A53 /* AppDelegate.m in Sources */ = {isa = PBXBuildFile; fileRef = EC67B6501E65687500230A53 /* AppDelegate.m */; };
		EC67B6541E65687500230A53 /* ViewController.m in Sources */ = {isa = PBXBuildFile; fileRef = EC67B6531E65687500230A53 /* ViewController.m */; };
		EC67B6571E65687500230A53 /* Main.storyboard in Resources */ = {isa = PBXBuildFile; fileRef = EC67B6551E65687500230A53 /* Main.storyboard */; };
		EC67B6591E65687500230A53 /* Assets.xcassets in Resources */ = {isa = PBXBuildFile; fileRef = EC67B6581E65687500230A53 /* Assets.xcassets */; };
		EC67B65C1E65687500230A53 /* LaunchScreen.storyboard in Resources */ = {isa = PBXBuildFile; fileRef = EC67B65A1E65687500230A53 /* LaunchScreen.storyboard */; };
		EC67B6671E65687500230A53 /* ButtonblockTests.m in Sources */ = {isa = PBXBuildFile; fileRef = EC67B6661E65687500230A53 /* ButtonblockTests.m */; };
/* End PBXBuildFile section */

/* Begin PBXContainerItemProxy section */
		EC67B6631E65687500230A53 /* PBXContainerItemProxy */ = {
			isa = PBXContainerItemProxy;
			containerPortal = EC67B6411E65687500230A53 /* Project object */;
			proxyType = 1;
			remoteGlobalIDString = EC67B6481E65687500230A53;
			remoteInfo = Buttonblock;
		};
/* End PBXContainerItemProxy section */

/* Begin PBXFileReference section */
		EC67B6491E65687500230A53 /* Buttonblock.app */ = {isa = PBXFileReference; explicitFileType = wrapper.application; includeInIndex = 0; path = Buttonblock.app; sourceTree = BUILT_PRODUCTS_DIR; };
		EC67B64D1E65687500230A53 /* main.m */ = {isa = PBXFileReference; lastKnownFileType = sourcecode.c.objc; path = main.m; sourceTree = "<group>"; };
		EC67B64F1E65687500230A53 /* AppDelegate.h */ = {isa = PBXFileReference; lastKnownFileType = sourcecode.c.h; path = AppDelegate.h; sourceTree = "<group>"; };
		EC67B6501E65687500230A53 /* AppDelegate.m */ = {isa = PBXFileReference; lastKnownFileType = sourcecode.c.objc; path = AppDelegate.m; sourceTree = "<group>"; };
		EC67B6521E65687500230A53 /* ViewController.h */ = {isa = PBXFileReference; lastKnownFileType = sourcecode.c.h; path = ViewController.h; sourceTree = "<group>"; };
		EC67B6531E65687500230A53 /* ViewController.m */ = {isa = PBXFileReference; lastKnownFileType = sourcecode.c.objc; path = ViewController.m; sourceTree = "<group>"; };
		EC67B6561E65687500230A53 /* Base */ = {isa = PBXFileReference; lastKnownFileType = file.storyboard; name = Base; path = Base.lproj/Main.storyboard; sourceTree = "<group>"; };
		EC67B6581E65687500230A53 /* Assets.xcassets */ = {isa = PBXFileReference; lastKnownFileType = folder.assetcatalog; path = Assets.xcassets; sourceTree = "<group>"; };
		EC67B65B1E65687500230A53 /* Base */ = {isa = PBXFileReference; lastKnownFileType = file.storyboard; name = Base; path = Base.lproj/LaunchScreen.storyboard; sourceTree = "<group>"; };
		EC67B65D1E65687500230A53 /* Info.plist */ = {isa = PBXFileReference; lastKnownFileType = text.plist.xml; path = Info.plist; sourceTree = "<group>"; };
		EC67B6621E65687500230A53 /* ButtonblockTests.xctest */ = {isa = PBXFileReference; explicitFileType = wrapper.cfbundle; includeInIndex = 0; path = ButtonblockTests.xctest; sourceTree = BUILT_PRODUCTS_DIR; };
		EC67B6661E65687500230A53 /* ButtonblockTests.m */ = {isa = PBXFileReference; lastKnownFileType = sourcecode.c.objc; path = ButtonblockTests.m; sourceTree = "<group>"; };
		EC67B6681E65687500230A53 /* Info.plist */ = {isa = PBXFileReference; lastKnownFileType = text.plist.xml; path = Info.plist; sourceTree = "<group>"; };
/* End PBXFileReference section */

/* Begin PBXFrameworksBuildPhase section */
		EC67B6461E65687500230A53 /* Frameworks */ = {
			isa = PBXFrameworksBuildPhase;
			buildActionMask = 2147483647;
			files = (
			);
			runOnlyForDeploymentPostprocessing = 0;
		};
		EC67B65F1E65687500230A53 /* Frameworks */ = {
			isa = PBXFrameworksBuildPhase;
			buildActionMask = 2147483647;
			files = (
			);
			runOnlyForDeploymentPostprocessing = 0;
		};
/* End PBXFrameworksBuildPhase section */

/* Begin PBXGroup section */
		EC67B6401E65687500230A53 = {
			isa = PBXGroup;
			children = (
				EC67B64B1E65687500230A53 /* Buttonblock */,
				EC67B6651E65687500230A53 /* ButtonblockTests */,
				EC67B64A1E65687500230A53 /* Products */,
			);
			sourceTree = "<group>";
		};
		EC67B64A1E65687500230A53 /* Products */ = {
			isa = PBXGroup;
			children = (
				EC67B6491E65687500230A53 /* Buttonblock.app */,
				EC67B6621E65687500230A53 /* ButtonblockTests.xctest */,
			);
			name = Products;
			sourceTree = "<group>";
		};
		EC67B64B1E65687500230A53 /* Buttonblock */ = {
			isa = PBXGroup;
			children = (
				EC67B64F1E65687500230A53 /* AppDelegate.h */,
				EC67B6501E65687500230A53 /* AppDelegate.m */,
				EC67B6521E65687500230A53 /* ViewController.h */,
				EC67B6531E65687500230A53 /* ViewController.m */,
				EC67B6551E65687500230A53 /* Main.storyboard */,
				EC67B6581E65687500230A53 /* Assets.xcassets */,
				EC67B65A1E65687500230A53 /* LaunchScreen.storyboard */,
				EC67B65D1E65687500230A53 /* Info.plist */,
				EC67B64C1E65687500230A53 /* Supporting Files */,
			);
			path = Buttonblock;
			sourceTree = "<group>";
		};
		EC67B64C1E65687500230A53 /* Supporting Files */ = {
			isa = PBXGroup;
			children = (
				EC67B64D1E65687500230A53 /* main.m */,
			);
			name = "Supporting Files";
			sourceTree = "<group>";
		};
		EC67B6651E65687500230A53 /* ButtonblockTests */ = {
			isa = PBXGroup;
			children = (
				EC67B6661E65687500230A53 /* ButtonblockTests.m */,
				EC67B6681E65687500230A53 /* Info.plist */,
			);
			path = ButtonblockTests;
			sourceTree = "<group>";
		};
/* End PBXGroup section */

/* Begin PBXNativeTarget section */
		EC67B6481E65687500230A53 /* Buttonblock */ = {
			isa = PBXNativeTarget;
			buildConfigurationList = EC67B66B1E65687500230A53 /* Build configuration list for PBXNativeTarget "Buttonblock" */;
			buildPhases = (
				EC67B6451E65687500230A53 /* Sources */,
				EC67B6461E65687500230A53 /* Frameworks */,
				EC67B6471E65687500230A53 /* Resources */,
			);
			buildRules = (
			);
			dependencies = (
			);
			name = Buttonblock;
			productName = Buttonblock;
			productReference = EC67B6491E65687500230A53 /* Buttonblock.app */;
			productType = "com.apple.product-type.application";
		};
		EC67B6611E65687500230A53 /* ButtonblockTests */ = {
			isa = PBXNativeTarget;
			buildConfigurationList = EC67B66E1E65687500230A53 /* Build configuration list for PBXNativeTarget "ButtonblockTests" */;
			buildPhases = (
				EC67B65E1E65687500230A53 /* Sources */,
				EC67B65F1E65687500230A53 /* Frameworks */,
				EC67B6601E65687500230A53 /* Resources */,
			);
			buildRules = (
			);
			dependencies = (
				EC67B6641E65687500230A53 /* PBXTargetDependency */,
			);
			name = ButtonblockTests;
			productName = ButtonblockTests;
			productReference = EC67B6621E65687500230A53 /* ButtonblockTests.xctest */;
			productType = "com.apple.product-type.bundle.unit-test";
		};
/* End PBXNativeTarget section */

/* Begin PBXProject section */
		EC67B6411E65687500230A53 /* Project object */ = {
			isa = PBXProject;
			attributes = {
				LastUpgradeCheck = 0800;
				ORGANIZATIONNAME = pactera;
				TargetAttributes = {
					EC67B6481E65687500230A53 = {
						CreatedOnToolsVersion = 8.0;
						DevelopmentTeam = UR8GD3H89P;
						ProvisioningStyle = Automatic;
					};
					EC67B6611E65687500230A53 = {
						CreatedOnToolsVersion = 8.0;
						DevelopmentTeam = UR8GD3H89P;
						ProvisioningStyle = Automatic;
						TestTargetID = EC67B6481E65687500230A53;
					};
				};
			};
			buildConfigurationList = EC67B6441E65687500230A53 /* Build configuration list for PBXProject "Buttonblock" */;
			compatibilityVersion = "Xcode 3.2";
			developmentRegion = English;
			hasScannedForEncodings = 0;
			knownRegions = (
				en,
				Base,
			);
			mainGroup = EC67B6401E65687500230A53;
			productRefGroup = EC67B64A1E65687500230A53 /* Products */;
			projectDirPath = "";
			projectRoot = "";
			targets = (
				EC67B6481E65687500230A53 /* Buttonblock */,
				EC67B6611E65687500230A53 /* ButtonblockTests */,
			);
		};
/* End PBXProject section */

/* Begin PBXResourcesBuildPhase section */
		EC67B6471E65687500230A53 /* Resources */ = {
			isa = PBXResourcesBuildPhase;
			buildActionMask = 2147483647;
			files = (
				EC67B65C1E65687500230A53 /* LaunchScreen.storyboard in Resources */,
				EC67B6591E65687500230A53 /* Assets.xcassets in Resources */,
				EC67B6571E65687500230A53 /* Main.storyboard in Resources */,
			);
			runOnlyForDeploymentPostprocessing = 0;
		};
		EC67B6601E65687500230A53 /* Resources */ = {
			isa = PBXResourcesBuildPhase;
			buildActionMask = 2147483647;
			files = (
			);
			runOnlyForDeploymentPostprocessing = 0;
		};
/* End PBXResourcesBuildPhase section */

/* Begin PBXSourcesBuildPhase section */
		EC67B6451E65687500230A53 /* Sources */ = {
			isa = PBXSourcesBuildPhase;
			buildActionMask = 2147483647;
			files = (
				EC67B6541E65687500230A53 /* ViewController.m in Sources */,
				EC67B6511E65687500230A53 /* AppDelegate.m in Sources */,
				EC67B64E1E65687500230A53 /* main.m in Sources */,
			);
			runOnlyForDeploymentPostprocessing = 0;
		};
		EC67B65E1E65687500230A53 /* Sources */ = {
			isa = PBXSourcesBuildPhase;
			buildActionMask = 2147483647;
			files = (
				EC67B6671E65687500230A53 /* ButtonblockTests.m in Sources */,
			);
			runOnlyForDeploymentPostprocessing = 0;
		};
/* End PBXSourcesBuildPhase section */

/* Begin PBXTargetDependency section */
		EC67B6641E65687500230A53 /* PBXTargetDependency */ = {
			isa = PBXTargetDependency;
			target = EC67B6481E65687500230A53 /* Buttonblock */;
			targetProxy = EC67B6631E65687500230A53 /* PBXContainerItemProxy */;
		};
/* End PBXTargetDependency section */

/* Begin PBXVariantGroup section */
		EC67B6551E65687500230A53 /* Main.storyboard */ = {
			isa = PBXVariantGroup;
			children = (
				EC67B6561E65687500230A53 /* Base */,
			);
			name = Main.storyboard;
			sourceTree = "<group>";
		};
		EC67B65A1E65687500230A53 /* LaunchScreen.storyboard */ = {
			isa = PBXVariantGroup;
			children = (
				EC67B65B1E65687500230A53 /* Base */,
			);
			name = LaunchScreen.storyboard;
			sourceTree = "<group>";
		};
/* End PBXVariantGroup section */

/* Begin XCBuildConfiguration section */
		EC67B6691E65687500230A53 /* Debug */ = {
			isa = XCBuildConfiguration;
			buildSettings = {
				ALWAYS_SEARCH_USER_PATHS = NO;
				CLANG_ANALYZER_NONNULL = YES;
				CLANG_CXX_LANGUAGE_STANDARD = "gnu++0x";
				CLANG_CXX_LIBRARY = "libc++";
				CLANG_ENABLE_MODULES = YES;
				CLANG_ENABLE_OBJC_ARC = YES;
				CLANG_WARN_BOOL_CONVERSION = YES;
				CLANG_WARN_CONSTANT_CONVERSION = YES;
				CLANG_WARN_DIRECT_OBJC_ISA_USAGE = YES_ERROR;
				CLANG_WARN_DOCUMENTATION_COMMENTS = YES;
				CLANG_WARN_EMPTY_BODY = YES;
				CLANG_WARN_ENUM_CONVERSION = YES;
				CLANG_WARN_INFINITE_RECURSION = YES;
				CLANG_WARN_INT_CONVERSION = YES;
				CLANG_WARN_OBJC_ROOT_CLASS = YES_ERROR;
				CLANG_WARN_SUSPICIOUS_MOVES = YES;
				CLANG_WARN_UNREACHABLE_CODE = YES;
				CLANG_WARN__DUPLICATE_METHOD_MATCH = YES;
				"CODE_SIGN_IDENTITY[sdk=iphoneos*]" = "iPhone Developer";
				COPY_PHASE_STRIP = NO;
				DEBUG_INFORMATION_FORMAT = dwarf;
				ENABLE_STRICT_OBJC_MSGSEND = YES;
				ENABLE_TESTABILITY = YES;
				GCC_C_LANGUAGE_STANDARD = gnu99;
				GCC_DYNAMIC_NO_PIC = NO;
				GCC_NO_COMMON_BLOCKS = YES;
				GCC_OPTIMIZATION_LEVEL = 0;
				GCC_PREPROCESSOR_DEFINITIONS = (
					"DEBUG=1",
					"$(inherited)",
				);
				GCC_WARN_64_TO_32_BIT_CONVERSION = YES;
				GCC_WARN_ABOUT_RETURN_TYPE = YES_ERROR;
				GCC_WARN_UNDECLARED_SELECTOR = YES;
				GCC_WARN_UNINITIALIZED_AUTOS = YES_AGGRESSIVE;
				GCC_WARN_UNUSED_FUNCTION = YES;
				GCC_WARN_UNUSED_VARIABLE = YES;
				IPHONEOS_DEPLOYMENT_TARGET = 10.0;
				MTL_ENABLE_DEBUG_INFO = YES;
				ONLY_ACTIVE_ARCH = YES;
				SDKROOT = iphoneos;
			};
			name = Debug;
		};
		EC67B66A1E65687500230A53 /* Release */ = {
			isa = XCBuildConfiguration;
			buildSettings = {
				ALWAYS_SEARCH_USER_PATHS = NO;
				CLANG_ANALYZER_NONNULL = YES;
				CLANG_CXX_LANGUAGE_STANDARD = "gnu++0x";
				CLANG_CXX_LIBRARY = "libc++";
				CLANG_ENABLE_MODULES = YES;
				CLANG_ENABLE_OBJC_ARC = YES;
				CLANG_WARN_BOOL_CONVERSION = YES;
				CLANG_WARN_CONSTANT_CONVERSION = YES;
				CLANG_WARN_DIRECT_OBJC_ISA_USAGE = YES_ERROR;
				CLANG_WARN_DOCUMENTATION_COMMENTS = YES;
				CLANG_WARN_EMPTY_BODY = YES;
				CLANG_WARN_ENUM_CONVERSION = YES;
				CLANG_WARN_INFINITE_RECURSION = YES;
				CLANG_WARN_INT_CONVERSION = YES;
				CLANG_WARN_OBJC_ROOT_CLASS = YES_ERROR;
				CLANG_WARN_SUSPICIOUS_MOVES = YES;
				CLANG_WARN_UNREACHABLE_CODE = YES;
				CLANG_WARN__DUPLICATE_METHOD_MATCH = YES;
				"CODE_SIGN_IDENTITY[sdk=iphoneos*]" = "iPhone Developer";
				COPY_PHASE_STRIP = NO;
				DEBUG_INFORMATION_FORMAT = "dwarf-with-dsym";
				ENABLE_NS_ASSERTIONS = NO;
				ENABLE_STRICT_OBJC_MSGSEND = YES;
				GCC_C_LANGUAGE_STANDARD = gnu99;
				GCC_NO_COMMON_BLOCKS = YES;
				GCC_WARN_64_TO_32_BIT_CONVERSION = YES;
				GCC_WARN_ABOUT_RETURN_TYPE = YES_ERROR;
				GCC_WARN_UNDECLARED_SELECTOR = YES;
				GCC_WARN_UNINITIALIZED_AUTOS = YES_AGGRESSIVE;
				GCC_WARN_UNUSED_FUNCTION = YES;
				GCC_WARN_UNUSED_VARIABLE = YES;
				IPHONEOS_DEPLOYMENT_TARGET = 10.0;
				MTL_ENABLE_DEBUG_INFO = NO;
				SDKROOT = iphoneos;
				VALIDATE_PRODUCT = YES;
			};
			name = Release;
		};
		EC67B66C1E65687500230A53 /* Debug */ = {
			isa = XCBuildConfiguration;
			buildSettings = {
				ASSETCATALOG_COMPILER_APPICON_NAME = AppIcon;
				DEVELOPMENT_TEAM = UR8GD3H89P;
				INFOPLIST_FILE = Buttonblock/Info.plist;
				LD_RUNPATH_SEARCH_PATHS = "$(inherited) @executable_path/Frameworks";
				PRODUCT_BUNDLE_IDENTIFIER = com.pactera.www.Buttonblock;
				PRODUCT_NAME = "$(TARGET_NAME)";
			};
			name = Debug;
		};
		EC67B66D1E65687500230A53 /* Release */ = {
			isa = XCBuildConfiguration;
			buildSettings = {
				ASSETCATALOG_COMPILER_APPICON_NAME = AppIcon;
				DEVELOPMENT_TEAM = UR8GD3H89P;
				INFOPLIST_FILE = Buttonblock/Info.plist;
				LD_RUNPATH_SEARCH_PATHS = "$(inherited) @executable_path/Frameworks";
				PRODUCT_BUNDLE_IDENTIFIER = com.pactera.www.Buttonblock;
				PRODUCT_NAME = "$(TARGET_NAME)";
			};
			name = Release;
		};
		EC67B66F1E65687500230A53 /* Debug */ = {
			isa = XCBuildConfiguration;
			buildSettings = {
				BUNDLE_LOADER = "$(TEST_HOST)";
				DEVELOPMENT_TEAM = UR8GD3H89P;
				INFOPLIST_FILE = ButtonblockTests/Info.plist;
				LD_RUNPATH_SEARCH_PATHS = "$(inherited) @executable_path/Frameworks @loader_path/Frameworks";
				PRODUCT_BUNDLE_IDENTIFIER = com.pactera.www.ButtonblockTests;
				PRODUCT_NAME = "$(TARGET_NAME)";
				TEST_HOST = "$(BUILT_PRODUCTS_DIR)/Buttonblock.app/Buttonblock";
			};
			name = Debug;
		};
		EC67B6701E65687500230A53 /* Release */ = {
			isa = XCBuildConfiguration;
			buildSettings = {
				BUNDLE_LOADER = "$(TEST_HOST)";
				DEVELOPMENT_TEAM = UR8GD3H89P;
				INFOPLIST_FILE = ButtonblockTests/Info.plist;
				LD_RUNPATH_SEARCH_PATHS = "$(inherited) @executable_path/Frameworks @loader_path/Frameworks";
				PRODUCT_BUNDLE_IDENTIFIER = com.pactera.www.ButtonblockTests;
				PRODUCT_NAME = "$(TARGET_NAME)";
				TEST_HOST = "$(BUILT_PRODUCTS_DIR)/Buttonblock.app/Buttonblock";
			};
			name = Release;
		};
/* End XCBuildConfiguration section */

/* Begin XCConfigurationList section */
		EC67B6441E65687500230A53 /* Build configuration list for PBXProject "Buttonblock" */ = {
			isa = XCConfigurationList;
			buildConfigurations = (
				EC67B6691E65687500230A53 /* Debug */,
				EC67B66A1E65687500230A53 /* Release */,
			);
			defaultConfigurationIsVisible = 0;
			defaultConfigurationName = Release;
		};
		EC67B66B1E65687500230A53 /* Build configuration list for PBXNativeTarget "Buttonblock" */ = {
			isa = XCConfigurationList;
			buildConfigurations = (
				EC67B66C1E65687500230A53 /* Debug */,
				EC67B66D1E65687500230A53 /* Release */,
			);
			defaultConfigurationIsVisible = 0;
		};
		EC67B66E1E65687500230A53 /* Build configuration list for PBXNativeTarget "ButtonblockTests" */ = {
			isa = XCConfigurationList;
			buildConfigurations = (
				EC67B66F1E65687500230A53 /* Debug */,
				EC67B6701E65687500230A53 /* Release */,
			);
			defaultConfigurationIsVisible = 0;
		};
/* End XCConfigurationList section */
	};
	rootObject = EC67B6411E65687500230A53 /* Project object */;
}
